
Microsoft Visual Studio Solution File, Format Version 12.00
# Visual Studio Version 16
VisualStudioVersion = 16.0.31829.152
MinimumVisualStudioVersion = 10.0.40219.1
Project("{FAE04EC0-301F-11D3-BF4B-00C04F79EFBC}") = "CompGraphics", "CompGraphics\CompGraphics.csproj", "{20FAFBFA-98D1-497C-9967-795EA6B1EB83}"
EndProject
Global
	GlobalSection(SolutionConfigurationPlatforms) = preSolution
		Debug|Any CPU = Debug|Any CPU
		Release|Any CPU = Release|Any CPU
	EndGlobalSection
	GlobalSection(ProjectConfigurationPlatforms) = postSolution
		{20FAFBFA-98D1-497C-9967-795EA6B1EB83}.Debug|Any CPU.ActiveCfg = Debug|Any CPU
		{20FAFBFA-98D1-497C-9967-795EA6B1EB83}.Debug|Any CPU.Build.0 = Debug|Any CPU
		{20FAFBFA-98D1-497C-9967-795EA6B1EB83}.Release|Any CPU.ActiveCfg = Release|Any CPU
		{20FAFBFA-98D1-497C-9967-795EA6B1EB83}.Release|Any CPU.Build.0 = Release|Any CPU
	EndGlobalSection
	GlobalSection(SolutionProperties) = preSolution
		HideSolutionNode = FALSE
	EndGlobalSection
	GlobalSection(ExtensibilityGlobals) = postSolution
		SolutionGuid = {F5D26ADB-48A0-4D68-97D9-4DE335F91BEC}
	EndGlobalSection
EndGlobal
